
Microsoft Visual Studio Solution File, Format Version 12.00
# Visual Studio Version 16
VisualStudioVersion = 16.0.30309.148
MinimumVisualStudioVersion = 10.0.40219.1
Project("{FAE04EC0-301F-11D3-BF4B-00C04F79EFBC}") = "FakeBrewery.Domain", "src\FakeBrewery.Domain\FakeBrewery.Domain.csproj", "{904D87F6-545A-4FF3-891F-4445919BFDD9}"
EndProject
Project("{FAE04EC0-301F-11D3-BF4B-00C04F79EFBC}") = "FakeBrewery.Infra.Data", "src\FakeBrewery.Infra.Data\FakeBrewery.Infra.Data.csproj", "{3DE7D1AC-6B97-41E5-A5AE-12473ECD910A}"
EndProject
Project("{FAE04EC0-301F-11D3-BF4B-00C04F79EFBC}") = "FakeBrewery.Application", "src\FakeBrewery.Application\FakeBrewery.Application.csproj", "{4682A074-04F8-4DF6-A801-18BFB63DFF6F}"
EndProject
Project("{FAE04EC0-301F-11D3-BF4B-00C04F79EFBC}") = "FakeBrewery.WebApi", "src\FakeBrewery.WebApi\FakeBrewery.WebApi.csproj", "{B79E7FF4-CA15-4FFF-B1DF-8F500EF2E488}"
EndProject
Global
	GlobalSection(SolutionConfigurationPlatforms) = preSolution
		Debug|Any CPU = Debug|Any CPU
		Release|Any CPU = Release|Any CPU
	EndGlobalSection
	GlobalSection(ProjectConfigurationPlatforms) = postSolution
		{904D87F6-545A-4FF3-891F-4445919BFDD9}.Debug|Any CPU.ActiveCfg = Debug|Any CPU
		{904D87F6-545A-4FF3-891F-4445919BFDD9}.Debug|Any CPU.Build.0 = Debug|Any CPU
		{904D87F6-545A-4FF3-891F-4445919BFDD9}.Release|Any CPU.ActiveCfg = Release|Any CPU
		{904D87F6-545A-4FF3-891F-4445919BFDD9}.Release|Any CPU.Build.0 = Release|Any CPU
		{3DE7D1AC-6B97-41E5-A5AE-12473ECD910A}.Debug|Any CPU.ActiveCfg = Debug|Any CPU
		{3DE7D1AC-6B97-41E5-A5AE-12473ECD910A}.Debug|Any CPU.Build.0 = Debug|Any CPU
		{3DE7D1AC-6B97-41E5-A5AE-12473ECD910A}.Release|Any CPU.ActiveCfg = Release|Any CPU
		{3DE7D1AC-6B97-41E5-A5AE-12473ECD910A}.Release|Any CPU.Build.0 = Release|Any CPU
		{4682A074-04F8-4DF6-A801-18BFB63DFF6F}.Debug|Any CPU.ActiveCfg = Debug|Any CPU
		{4682A074-04F8-4DF6-A801-18BFB63DFF6F}.Debug|Any CPU.Build.0 = Debug|Any CPU
		{4682A074-04F8-4DF6-A801-18BFB63DFF6F}.Release|Any CPU.ActiveCfg = Release|Any CPU
		{4682A074-04F8-4DF6-A801-18BFB63DFF6F}.Release|Any CPU.Build.0 = Release|Any CPU
		{B79E7FF4-CA15-4FFF-B1DF-8F500EF2E488}.Debug|Any CPU.ActiveCfg = Debug|Any CPU
		{B79E7FF4-CA15-4FFF-B1DF-8F500EF2E488}.Debug|Any CPU.Build.0 = Debug|Any CPU
		{B79E7FF4-CA15-4FFF-B1DF-8F500EF2E488}.Release|Any CPU.ActiveCfg = Release|Any CPU
		{B79E7FF4-CA15-4FFF-B1DF-8F500EF2E488}.Release|Any CPU.Build.0 = Release|Any CPU
	EndGlobalSection
	GlobalSection(SolutionProperties) = preSolution
		HideSolutionNode = FALSE
	EndGlobalSection
	GlobalSection(ExtensibilityGlobals) = postSolution
		SolutionGuid = {CAC7A26B-0EA5-4E35-9EE5-76692E32857D}
	EndGlobalSection
EndGlobal
